
Microsoft Visual Studio Solution File, Format Version 12.00
# Visual Studio 15
VisualStudioVersion = 15.0.28307.1401
MinimumVisualStudioVersion = 10.0.40219.1
Project("{FAE04EC0-301F-11D3-BF4B-00C04F79EFBC}") = "First visual Csharp", "First visual Csharp\First visual Csharp.csproj", "{B80B7766-2D35-4977-9A3A-8A9587D03AAB}"
EndProject
Global
	GlobalSection(SolutionConfigurationPlatforms) = preSolution
		Debug|Any CPU = Debug|Any CPU
		Release|Any CPU = Release|Any CPU
	EndGlobalSection
	GlobalSection(ProjectConfigurationPlatforms) = postSolution
		{B80B7766-2D35-4977-9A3A-8A9587D03AAB}.Debug|Any CPU.ActiveCfg = Debug|Any CPU
		{B80B7766-2D35-4977-9A3A-8A9587D03AAB}.Debug|Any CPU.Build.0 = Debug|Any CPU
		{B80B7766-2D35-4977-9A3A-8A9587D03AAB}.Release|Any CPU.ActiveCfg = Release|Any CPU
		{B80B7766-2D35-4977-9A3A-8A9587D03AAB}.Release|Any CPU.Build.0 = Release|Any CPU
	EndGlobalSection
	GlobalSection(SolutionProperties) = preSolution
		HideSolutionNode = FALSE
	EndGlobalSection
	GlobalSection(ExtensibilityGlobals) = postSolution
		SolutionGuid = {B7AE913E-07AA-43E2-9686-925AB2FCD23D}
	EndGlobalSection
EndGlobal
