
Microsoft Visual Studio Solution File, Format Version 12.00
# Visual Studio 15
VisualStudioVersion = 15.0.28307.1401
MinimumVisualStudioVersion = 10.0.40219.1
Project("{FAE04EC0-301F-11D3-BF4B-00C04F79EFBC}") = "Vs Harjoitukset Switch", "Vs Harjoitukset Switch\Vs Harjoitukset Switch.csproj", "{B20A1CED-6454-43FC-BA32-876F9A49EE3E}"
EndProject
Global
	GlobalSection(SolutionConfigurationPlatforms) = preSolution
		Debug|Any CPU = Debug|Any CPU
		Release|Any CPU = Release|Any CPU
	EndGlobalSection
	GlobalSection(ProjectConfigurationPlatforms) = postSolution
		{B20A1CED-6454-43FC-BA32-876F9A49EE3E}.Debug|Any CPU.ActiveCfg = Debug|Any CPU
		{B20A1CED-6454-43FC-BA32-876F9A49EE3E}.Debug|Any CPU.Build.0 = Debug|Any CPU
		{B20A1CED-6454-43FC-BA32-876F9A49EE3E}.Release|Any CPU.ActiveCfg = Release|Any CPU
		{B20A1CED-6454-43FC-BA32-876F9A49EE3E}.Release|Any CPU.Build.0 = Release|Any CPU
	EndGlobalSection
	GlobalSection(SolutionProperties) = preSolution
		HideSolutionNode = FALSE
	EndGlobalSection
	GlobalSection(ExtensibilityGlobals) = postSolution
		SolutionGuid = {7DD376CA-3E72-42F2-BBF9-E300F4BC2062}
	EndGlobalSection
EndGlobal
